
Microsoft Visual Studio Solution File, Format Version 12.00
# Visual Studio 15
VisualStudioVersion = 15.0.28307.757
MinimumVisualStudioVersion = 10.0.40219.1
Project("{FAE04EC0-301F-11D3-BF4B-00C04F79EFBC}") = "RegressionTester", "RegressionTester\RegressionTester.csproj", "{66C26ECB-C434-451D-96D9-9A925798AFBC}"
EndProject
Global
	GlobalSection(SolutionConfigurationPlatforms) = preSolution
		Debug|Any CPU = Debug|Any CPU
		Release|Any CPU = Release|Any CPU
	EndGlobalSection
	GlobalSection(ProjectConfigurationPlatforms) = postSolution
		{66C26ECB-C434-451D-96D9-9A925798AFBC}.Debug|Any CPU.ActiveCfg = Debug|Any CPU
		{66C26ECB-C434-451D-96D9-9A925798AFBC}.Debug|Any CPU.Build.0 = Debug|Any CPU
		{66C26ECB-C434-451D-96D9-9A925798AFBC}.Release|Any CPU.ActiveCfg = Release|Any CPU
		{66C26ECB-C434-451D-96D9-9A925798AFBC}.Release|Any CPU.Build.0 = Release|Any CPU
	EndGlobalSection
	GlobalSection(SolutionProperties) = preSolution
		HideSolutionNode = FALSE
	EndGlobalSection
	GlobalSection(ExtensibilityGlobals) = postSolution
		SolutionGuid = {67F3776A-8413-41B7-9E47-8D9ABBD22A88}
	EndGlobalSection
EndGlobal
